// !$*UTF8*$!
{
	archiveVersion = 1;
	classes = {
	};
	objectVersion = 46;
	objects = {

/* Begin PBXBuildFile section */
		6DACD4CF1BA73C610029991B /* Playmium_Cocos.h in CopyFiles */ = {isa = PBXBuildFile; fileRef = 6DACD4CE1BA73C610029991B /* Playmium_Cocos.h */; };
		6DACD4D11BA73C610029991B /* Playmium_Cocos.mm in Sources */ = {isa = PBXBuildFile; fileRef = 6DACD4D01BA73C610029991B /* Playmium_Cocos.mm */; };
		6DACD4D71BA73C610029991B /* libPluginPlaymium.a in Frameworks */ = {isa = PBXBuildFile; fileRef = 6DACD4CB1BA73C610029991B /* libPluginPlaymium.a */; };
		6DACD4E91BA742C80029991B /* Playmium.framework in Frameworks */ = {isa = PBXBuildFile; fileRef = 6DACD4E81BA742C80029991B /* Playmium.framework */; };
/* End PBXBuildFile section */

/* Begin PBXContainerItemProxy section */
		6DACD4D81BA73C610029991B /* PBXContainerItemProxy */ = {
			isa = PBXContainerItemProxy;
			containerPortal = 6DACD4C31BA73C610029991B /* Project object */;
			proxyType = 1;
			remoteGlobalIDString = 6DACD4CA1BA73C610029991B;
			remoteInfo = "Playmium-Cocos";
		};
/* End PBXContainerItemProxy section */

/* Begin PBXCopyFilesBuildPhase section */
		6DACD4C91BA73C610029991B /* CopyFiles */ = {
			isa = PBXCopyFilesBuildPhase;
			buildActionMask = 2147483647;
			dstPath = "include/$(PRODUCT_NAME)";
			dstSubfolderSpec = 16;
			files = (
				6DACD4CF1BA73C610029991B /* Playmium_Cocos.h in CopyFiles */,
			);
			runOnlyForDeploymentPostprocessing = 0;
		};
/* End PBXCopyFilesBuildPhase section */

/* Begin PBXFileReference section */
		6DACD4CB1BA73C610029991B /* libPluginPlaymium.a */ = {isa = PBXFileReference; explicitFileType = archive.ar; includeInIndex = 0; path = libPluginPlaymium.a; sourceTree = BUILT_PRODUCTS_DIR; };
		6DACD4CE1BA73C610029991B /* Playmium_Cocos.h */ = {isa = PBXFileReference; lastKnownFileType = sourcecode.c.h; path = Playmium_Cocos.h; sourceTree = "<group>"; };
		6DACD4D01BA73C610029991B /* Playmium_Cocos.mm */ = {isa = PBXFileReference; lastKnownFileType = sourcecode.cpp.objcpp; path = Playmium_Cocos.mm; sourceTree = "<group>"; };
		6DACD4D61BA73C610029991B /* PluginPlaymiumTests.xctest */ = {isa = PBXFileReference; explicitFileType = wrapper.cfbundle; includeInIndex = 0; path = PluginPlaymiumTests.xctest; sourceTree = BUILT_PRODUCTS_DIR; };
		6DACD4E81BA742C80029991B /* Playmium.framework */ = {isa = PBXFileReference; lastKnownFileType = wrapper.framework; name = Playmium.framework; path = Frameworks/Playmium.framework; sourceTree = "<group>"; };
/* End PBXFileReference section */

/* Begin PBXFrameworksBuildPhase section */
		6DACD4C81BA73C610029991B /* Frameworks */ = {
			isa = PBXFrameworksBuildPhase;
			buildActionMask = 2147483647;
			files = (
				6DACD4E91BA742C80029991B /* Playmium.framework in Frameworks */,
			);
			runOnlyForDeploymentPostprocessing = 0;
		};
		6DACD4D31BA73C610029991B /* Frameworks */ = {
			isa = PBXFrameworksBuildPhase;
			buildActionMask = 2147483647;
			files = (
				6DACD4D71BA73C610029991B /* libPluginPlaymium.a in Frameworks */,
			);
			runOnlyForDeploymentPostprocessing = 0;
		};
/* End PBXFrameworksBuildPhase section */

/* Begin PBXGroup section */
		6DACD4C21BA73C610029991B = {
			isa = PBXGroup;
			children = (
				6DACD4CD1BA73C610029991B /* Playmium-Cocos */,
				6DACD4E71BA742510029991B /* Frameworks */,
				6DACD4CC1BA73C610029991B /* Products */,
			);
			sourceTree = "<group>";
		};
		6DACD4CC1BA73C610029991B /* Products */ = {
			isa = PBXGroup;
			children = (
				6DACD4CB1BA73C610029991B /* libPluginPlaymium.a */,
				6DACD4D61BA73C610029991B /* PluginPlaymiumTests.xctest */,
			);
			name = Products;
			sourceTree = "<group>";
		};
		6DACD4CD1BA73C610029991B /* Playmium-Cocos */ = {
			isa = PBXGroup;
			children = (
				6DACD4CE1BA73C610029991B /* Playmium_Cocos.h */,
				6DACD4D01BA73C610029991B /* Playmium_Cocos.mm */,
			);
			path = "Playmium-Cocos";
			sourceTree = "<group>";
		};
		6DACD4E71BA742510029991B /* Frameworks */ = {
			isa = PBXGroup;
			children = (
				6DACD4E81BA742C80029991B /* Playmium.framework */,
			);
			name = Frameworks;
			sourceTree = "<group>";
		};
/* End PBXGroup section */

/* Begin PBXNativeTarget section */
		6DACD4CA1BA73C610029991B /* PluginPlaymium */ = {
			isa = PBXNativeTarget;
			buildConfigurationList = 6DACD4DF1BA73C610029991B /* Build configuration list for PBXNativeTarget "PluginPlaymium" */;
			buildPhases = (
				6DACD4C71BA73C610029991B /* Sources */,
				6DACD4C81BA73C610029991B /* Frameworks */,
				6DACD4C91BA73C610029991B /* CopyFiles */,
			);
			buildRules = (
			);
			dependencies = (
			);
			name = PluginPlaymium;
			productName = "Playmium-Cocos";
			productReference = 6DACD4CB1BA73C610029991B /* libPluginPlaymium.a */;
			productType = "com.apple.product-type.library.static";
		};
		6DACD4D51BA73C610029991B /* PluginPlaymiumTests */ = {
			isa = PBXNativeTarget;
			buildConfigurationList = 6DACD4E21BA73C610029991B /* Build configuration list for PBXNativeTarget "PluginPlaymiumTests" */;
			buildPhases = (
				6DACD4D21BA73C610029991B /* Sources */,
				6DACD4D31BA73C610029991B /* Frameworks */,
				6DACD4D41BA73C610029991B /* Resources */,
			);
			buildRules = (
			);
			dependencies = (
				6DACD4D91BA73C610029991B /* PBXTargetDependency */,
			);
			name = PluginPlaymiumTests;
			productName = "Playmium-CocosTests";
			productReference = 6DACD4D61BA73C610029991B /* PluginPlaymiumTests.xctest */;
			productType = "com.apple.product-type.bundle.unit-test";
		};
/* End PBXNativeTarget section */

/* Begin PBXProject section */
		6DACD4C31BA73C610029991B /* Project object */ = {
			isa = PBXProject;
			attributes = {
				LastUpgradeCheck = 0640;
				ORGANIZATIONNAME = "Chris Fowler";
				TargetAttributes = {
					6DACD4CA1BA73C610029991B = {
						CreatedOnToolsVersion = 6.4;
					};
					6DACD4D51BA73C610029991B = {
						CreatedOnToolsVersion = 6.4;
					};
				};
			};
			buildConfigurationList = 6DACD4C61BA73C610029991B /* Build configuration list for PBXProject "PluginPlaymium" */;
			compatibilityVersion = "Xcode 3.2";
			developmentRegion = English;
			hasScannedForEncodings = 0;
			knownRegions = (
				en,
			);
			mainGroup = 6DACD4C21BA73C610029991B;
			productRefGroup = 6DACD4CC1BA73C610029991B /* Products */;
			projectDirPath = "";
			projectRoot = "";
			targets = (
				6DACD4CA1BA73C610029991B /* PluginPlaymium */,
				6DACD4D51BA73C610029991B /* PluginPlaymiumTests */,
			);
		};
/* End PBXProject section */

/* Begin PBXResourcesBuildPhase section */
		6DACD4D41BA73C610029991B /* Resources */ = {
			isa = PBXResourcesBuildPhase;
			buildActionMask = 2147483647;
			files = (
			);
			runOnlyForDeploymentPostprocessing = 0;
		};
/* End PBXResourcesBuildPhase section */

/* Begin PBXSourcesBuildPhase section */
		6DACD4C71BA73C610029991B /* Sources */ = {
			isa = PBXSourcesBuildPhase;
			buildActionMask = 2147483647;
			files = (
				6DACD4D11BA73C610029991B /* Playmium_Cocos.mm in Sources */,
			);
			runOnlyForDeploymentPostprocessing = 0;
		};
		6DACD4D21BA73C610029991B /* Sources */ = {
			isa = PBXSourcesBuildPhase;
			buildActionMask = 2147483647;
			files = (
			);
			runOnlyForDeploymentPostprocessing = 0;
		};
/* End PBXSourcesBuildPhase section */

/* Begin PBXTargetDependency section */
		6DACD4D91BA73C610029991B /* PBXTargetDependency */ = {
			isa = PBXTargetDependency;
			target = 6DACD4CA1BA73C610029991B /* PluginPlaymium */;
			targetProxy = 6DACD4D81BA73C610029991B /* PBXContainerItemProxy */;
		};
/* End PBXTargetDependency section */

/* Begin XCBuildConfiguration section */
		6DACD4DD1BA73C610029991B /* Debug */ = {
			isa = XCBuildConfiguration;
			buildSettings = {
				ALWAYS_SEARCH_USER_PATHS = NO;
				CLANG_CXX_LANGUAGE_STANDARD = "gnu++0x";
				CLANG_CXX_LIBRARY = "libc++";
				CLANG_ENABLE_MODULES = YES;
				CLANG_ENABLE_OBJC_ARC = YES;
				CLANG_WARN_BOOL_CONVERSION = YES;
				CLANG_WARN_CONSTANT_CONVERSION = YES;
				CLANG_WARN_DIRECT_OBJC_ISA_USAGE = YES_ERROR;
				CLANG_WARN_EMPTY_BODY = YES;
				CLANG_WARN_ENUM_CONVERSION = YES;
				CLANG_WARN_INT_CONVERSION = YES;
				CLANG_WARN_OBJC_ROOT_CLASS = YES_ERROR;
				CLANG_WARN_UNREACHABLE_CODE = YES;
				CLANG_WARN__DUPLICATE_METHOD_MATCH = YES;
				COPY_PHASE_STRIP = NO;
				DEBUG_INFORMATION_FORMAT = "dwarf-with-dsym";
				ENABLE_STRICT_OBJC_MSGSEND = YES;
				FRAMEWORK_SEARCH_PATHS = "/Frameworks/**";
				GCC_C_LANGUAGE_STANDARD = gnu99;
				GCC_DYNAMIC_NO_PIC = NO;
				GCC_NO_COMMON_BLOCKS = YES;
				GCC_OPTIMIZATION_LEVEL = 0;
				GCC_PREPROCESSOR_DEFINITIONS = (
					"DEBUG=1",
					"$(inherited)",
				);
				GCC_SYMBOLS_PRIVATE_EXTERN = NO;
				GCC_WARN_64_TO_32_BIT_CONVERSION = YES;
				GCC_WARN_ABOUT_RETURN_TYPE = YES_ERROR;
				GCC_WARN_UNDECLARED_SELECTOR = YES;
				GCC_WARN_UNINITIALIZED_AUTOS = YES_AGGRESSIVE;
				GCC_WARN_UNUSED_FUNCTION = YES;
				GCC_WARN_UNUSED_VARIABLE = YES;
				HEADER_SEARCH_PATHS = (
					"$(inherited)",
					/Applications/Xcode.app/Contents/Developer/Toolchains/XcodeDefault.xctoolchain/usr/include,
					../../protocols/include,
				);
				IPHONEOS_DEPLOYMENT_TARGET = 8.4;
				MTL_ENABLE_DEBUG_INFO = YES;
				ONLY_ACTIVE_ARCH = YES;
				SDKROOT = iphoneos;
			};
			name = Debug;
		};
		6DACD4DE1BA73C610029991B /* Release */ = {
			isa = XCBuildConfiguration;
			buildSettings = {
				ALWAYS_SEARCH_USER_PATHS = NO;
				CLANG_CXX_LANGUAGE_STANDARD = "gnu++0x";
				CLANG_CXX_LIBRARY = "libc++";
				CLANG_ENABLE_MODULES = YES;
				CLANG_ENABLE_OBJC_ARC = YES;
				CLANG_WARN_BOOL_CONVERSION = YES;
				CLANG_WARN_CONSTANT_CONVERSION = YES;
				CLANG_WARN_DIRECT_OBJC_ISA_USAGE = YES_ERROR;
				CLANG_WARN_EMPTY_BODY = YES;
				CLANG_WARN_ENUM_CONVERSION = YES;
				CLANG_WARN_INT_CONVERSION = YES;
				CLANG_WARN_OBJC_ROOT_CLASS = YES_ERROR;
				CLANG_WARN_UNREACHABLE_CODE = YES;
				CLANG_WARN__DUPLICATE_METHOD_MATCH = YES;
				COPY_PHASE_STRIP = NO;
				DEBUG_INFORMATION_FORMAT = "dwarf-with-dsym";
				ENABLE_NS_ASSERTIONS = NO;
				ENABLE_STRICT_OBJC_MSGSEND = YES;
				FRAMEWORK_SEARCH_PATHS = "/Frameworks/**";
				GCC_C_LANGUAGE_STANDARD = gnu99;
				GCC_NO_COMMON_BLOCKS = YES;
				GCC_WARN_64_TO_32_BIT_CONVERSION = YES;
				GCC_WARN_ABOUT_RETURN_TYPE = YES_ERROR;
				GCC_WARN_UNDECLARED_SELECTOR = YES;
				GCC_WARN_UNINITIALIZED_AUTOS = YES_AGGRESSIVE;
				GCC_WARN_UNUSED_FUNCTION = YES;
				GCC_WARN_UNUSED_VARIABLE = YES;
				HEADER_SEARCH_PATHS = (
					"$(inherited)",
					/Applications/Xcode.app/Contents/Developer/Toolchains/XcodeDefault.xctoolchain/usr/include,
					../../protocols/include,
				);
				IPHONEOS_DEPLOYMENT_TARGET = 8.4;
				MTL_ENABLE_DEBUG_INFO = NO;
				SDKROOT = iphoneos;
				VALIDATE_PRODUCT = YES;
			};
			name = Release;
		};
		6DACD4E01BA73C610029991B /* Debug */ = {
			isa = XCBuildConfiguration;
			buildSettings = {
				CODE_SIGN_IDENTITY = "iPhone Distribution: GlitchSoft Corporation (JTE5ECYQD5)";
				FRAMEWORK_SEARCH_PATHS = (
					"$(inherited)",
					"$(PROJECT_DIR)/Frameworks/**",
				);
				HEADER_SEARCH_PATHS = (
					"$(PROJECT_DIR)/Frameworks/Playmium.framework/Headers/**",
					"$(inherited)",
					/Applications/Xcode.app/Contents/Developer/Toolchains/XcodeDefault.xctoolchain/usr/include,
					"$(SRCROOT)/../../../protocols/platform/ios",
				);
				LIBRARY_SEARCH_PATHS = "$(SRCROOT)/../../../protocols/platform/ios";
				OTHER_LDFLAGS = "-ObjC";
				PRODUCT_NAME = "$(TARGET_NAME)";
				PROVISIONING_PROFILE = "a2865ec1-5891-473f-b486-6cca7c00893d";
				SKIP_INSTALL = YES;
			};
			name = Debug;
		};
		6DACD4E11BA73C610029991B /* Release */ = {
			isa = XCBuildConfiguration;
			buildSettings = {
				CODE_SIGN_IDENTITY = "iPhone Distribution: GlitchSoft Corporation (JTE5ECYQD5)";
				FRAMEWORK_SEARCH_PATHS = (
					"$(inherited)",
					"$(PROJECT_DIR)/Frameworks/**",
				);
				HEADER_SEARCH_PATHS = (
					"$(PROJECT_DIR)/Frameworks/Playmium.framework/Headers/**",
					"$(inherited)",
					/Applications/Xcode.app/Contents/Developer/Toolchains/XcodeDefault.xctoolchain/usr/include,
					"$(SRCROOT)/../../../protocols/platform/ios",
				);
				LIBRARY_SEARCH_PATHS = "$(SRCROOT)/../../../protocols/platform/ios";
				OTHER_LDFLAGS = "-ObjC";
				PRODUCT_NAME = "$(TARGET_NAME)";
				PROVISIONING_PROFILE = "a2865ec1-5891-473f-b486-6cca7c00893d";
				SKIP_INSTALL = YES;
			};
			name = Release;
		};
		6DACD4E31BA73C610029991B /* Debug */ = {
			isa = XCBuildConfiguration;
			buildSettings = {
				"CODE_SIGN_IDENTITY[sdk=iphoneos*]" = "iPhone Developer";
				FRAMEWORK_SEARCH_PATHS = (
					"$(SDKROOT)/Developer/Library/Frameworks",
					"$(inherited)",
				);
				GCC_PREPROCESSOR_DEFINITIONS = (
					"DEBUG=1",
					"$(inherited)",
				);
				INFOPLIST_FILE = "Playmium-CocosTests/Info.plist";
				LD_RUNPATH_SEARCH_PATHS = "$(inherited) @executable_path/Frameworks @loader_path/Frameworks";
				PRODUCT_NAME = PluginPlaymiumTests;
			};
			name = Debug;
		};
		6DACD4E41BA73C610029991B /* Release */ = {
			isa = XCBuildConfiguration;
			buildSettings = {
				"CODE_SIGN_IDENTITY[sdk=iphoneos*]" = "iPhone Developer";
				FRAMEWORK_SEARCH_PATHS = (
					"$(SDKROOT)/Developer/Library/Frameworks",
					"$(inherited)",
				);
				INFOPLIST_FILE = "Playmium-CocosTests/Info.plist";
				LD_RUNPATH_SEARCH_PATHS = "$(inherited) @executable_path/Frameworks @loader_path/Frameworks";
				PRODUCT_NAME = PluginPlaymiumTests;
			};
			name = Release;
		};
/* End XCBuildConfiguration section */

/* Begin XCConfigurationList section */
		6DACD4C61BA73C610029991B /* Build configuration list for PBXProject "PluginPlaymium" */ = {
			isa = XCConfigurationList;
			buildConfigurations = (
				6DACD4DD1BA73C610029991B /* Debug */,
				6DACD4DE1BA73C610029991B /* Release */,
			);
			defaultConfigurationIsVisible = 0;
			defaultConfigurationName = Release;
		};
		6DACD4DF1BA73C610029991B /* Build configuration list for PBXNativeTarget "PluginPlaymium" */ = {
			isa = XCConfigurationList;
			buildConfigurations = (
				6DACD4E01BA73C610029991B /* Debug */,
				6DACD4E11BA73C610029991B /* Release */,
			);
			defaultConfigurationIsVisible = 0;
			defaultConfigurationName = Release;
		};
		6DACD4E21BA73C610029991B /* Build configuration list for PBXNativeTarget "PluginPlaymiumTests" */ = {
			isa = XCConfigurationList;
			buildConfigurations = (
				6DACD4E31BA73C610029991B /* Debug */,
				6DACD4E41BA73C610029991B /* Release */,
			);
			defaultConfigurationIsVisible = 0;
			defaultConfigurationName = Release;
		};
/* End XCConfigurationList section */
	};
	rootObject = 6DACD4C31BA73C610029991B /* Project object */;
}
